PODS:
  - Alamofire (5.2.2)
  - Kingfisher/Core (5.15.3)
  - Kingfisher/SwiftUI (5.15.3):
    - Kingfisher/Core
  - SwiftLint (0.39.1)

DEPENDENCIES:
  - Alamofire (~> 5.2)
  - Kingfisher/SwiftUI (~> 5.15.3)
  - SwiftLint (~> 0.39.0)

SPEC REPOS:
  trunk:
    - Alamofire
    - Kingfisher
    - SwiftLint

SPEC CHECKSUMS:
  Alamofire: 814429acc853c6c54ff123fc3d2ef66803823ce0
  Kingfisher: 2fef2f4d9e809285aff7f6195b5290520904f3fa
  SwiftLint: 55e96a4a4d537d4a3156859fc1c54bd24851a046

PODFILE CHECKSUM: f759014f803d585d3c5c3f0dbde8123e066c244f

COCOAPODS: 1.9.1
